
Microsoft Visual Studio Solution File, Format Version 12.00
# Visual Studio Version 16
VisualStudioVersion = 16.0.30114.105
MinimumVisualStudioVersion = 10.0.40219.1
Project("{FAE04EC0-301F-11D3-BF4B-00C04F79EFBC}") = "GenQuest", "GenQuestLib\GenQuest.csproj", "{503017E3-944C-431A-9629-CA2E84F41090}"
EndProject
Project("{FAE04EC0-301F-11D3-BF4B-00C04F79EFBC}") = "MyQuest", "MyQuestLib\MyQuest.csproj", "{46F44A79-899B-4171-8ED7-B2077E979DF7}"
EndProject
Project("{FAE04EC0-301F-11D3-BF4B-00C04F79EFBC}") = "Quest", "Quest\Quest.csproj", "{D8A0D818-D54F-4E91-8DF7-8B606C36EC66}"
EndProject
Global
	GlobalSection(SolutionConfigurationPlatforms) = preSolution
		Debug|Any CPU = Debug|Any CPU
		Release|Any CPU = Release|Any CPU
	EndGlobalSection
	GlobalSection(SolutionProperties) = preSolution
		HideSolutionNode = FALSE
	EndGlobalSection
	GlobalSection(ProjectConfigurationPlatforms) = postSolution
		{503017E3-944C-431A-9629-CA2E84F41090}.Debug|Any CPU.ActiveCfg = Debug|Any CPU
		{503017E3-944C-431A-9629-CA2E84F41090}.Debug|Any CPU.Build.0 = Debug|Any CPU
		{503017E3-944C-431A-9629-CA2E84F41090}.Release|Any CPU.ActiveCfg = Release|Any CPU
		{503017E3-944C-431A-9629-CA2E84F41090}.Release|Any CPU.Build.0 = Release|Any CPU
		{46F44A79-899B-4171-8ED7-B2077E979DF7}.Debug|Any CPU.ActiveCfg = Debug|Any CPU
		{46F44A79-899B-4171-8ED7-B2077E979DF7}.Debug|Any CPU.Build.0 = Debug|Any CPU
		{46F44A79-899B-4171-8ED7-B2077E979DF7}.Release|Any CPU.ActiveCfg = Release|Any CPU
		{46F44A79-899B-4171-8ED7-B2077E979DF7}.Release|Any CPU.Build.0 = Release|Any CPU
		{D8A0D818-D54F-4E91-8DF7-8B606C36EC66}.Debug|Any CPU.ActiveCfg = Debug|Any CPU
		{D8A0D818-D54F-4E91-8DF7-8B606C36EC66}.Debug|Any CPU.Build.0 = Debug|Any CPU
		{D8A0D818-D54F-4E91-8DF7-8B606C36EC66}.Release|Any CPU.ActiveCfg = Release|Any CPU
		{D8A0D818-D54F-4E91-8DF7-8B606C36EC66}.Release|Any CPU.Build.0 = Release|Any CPU
	EndGlobalSection
EndGlobal
